{
    "name": "@vusa/runtime",
    "version": "1.0.1-y.0",
    "lockfileVersion": 1,
    "requires": true,
    "dependencies": {
        "san": {
            "version": "3.9.0",
            "resolved": "https://registry.npmjs.org/san/-/san-3.9.0.tgz",
            "integrity": "sha512-396BGf+lYj8ywfiBSSZXyRZo9KQ2l12E4+H/ZOONI1a0Gst61c+816dspSaoerIlDlq6dfyGQhZKvWpuAKw3JQ=="
        }
    }
}
