{
    "name": "@vusa/runtime",
    "version": "1.0.1-alpha.8",
    "lockfileVersion": 1,
    "requires": true,
    "dependencies": {
        "san": {
            "version": "3.8.2",
            "resolved": "https://registry.npmjs.org/san/-/san-3.8.2.tgz",
            "integrity": "sha512-tieh64b5wa7sROWfM+e4ryoLqydklITxX7S6j95DANuSG734ra5vfuosRQi4xQRFrkq6NPxKIFtn9O6WDaxleQ=="
        }
    }
}
