{
    "name": "@vusa/runtime",
    "version": "1.0.1-alpha.27",
    "lockfileVersion": 2,
    "requires": true,
    "packages": {
        "": {
            "name": "@vusa/runtime",
            "version": "1.0.1-alpha.27",
            "license": "MIT",
            "dependencies": {
                "san": "^3.10.8"
            }
        },
        "node_modules/san": {
            "version": "3.10.8",
            "resolved": "https://registry.npmjs.org/san/-/san-3.10.8.tgz",
            "integrity": "sha512-zmcnTfrBLbzhK+zv7DA7iHoIKDN7HnDX+aBvx08OloSwr7GmGDQQjaqk471GINb93Qv77sld/BE8Ayd3+onzIQ=="
        }
    },
    "dependencies": {
        "san": {
            "version": "3.10.8",
            "resolved": "https://registry.npmjs.org/san/-/san-3.10.8.tgz",
            "integrity": "sha512-zmcnTfrBLbzhK+zv7DA7iHoIKDN7HnDX+aBvx08OloSwr7GmGDQQjaqk471GINb93Qv77sld/BE8Ayd3+onzIQ=="
        }
    }
}
